
Microsoft Visual Studio Solution File, Format Version 12.00
# Visual Studio Version 16
VisualStudioVersion = 16.0.30204.135
MinimumVisualStudioVersion = 10.0.40219.1
Project("{FAE04EC0-301F-11D3-BF4B-00C04F79EFBC}") = "Blogpostforum", "Blogpostforum.csproj", "{5282EAF6-62FE-4F1A-A059-F34751E4A5F3}"
EndProject
Project("{FAE04EC0-301F-11D3-BF4B-00C04F79EFBC}") = "Blogpostforum.Entities", "..\Blogpostforum.Entities\Blogpostforum.Entities.csproj", "{FD087A77-1102-4722-B0C4-4AEB4DB80993}"
EndProject
Project("{FAE04EC0-301F-11D3-BF4B-00C04F79EFBC}") = "Blogpostforum.DataLayer", "..\Blogpostforum.DataLayer\Blogpostforum.DataLayer.csproj", "{67E59208-98FE-4ED6-957F-4F7CA95872D4}"
EndProject
Project("{FAE04EC0-301F-11D3-BF4B-00C04F79EFBC}") = "Blogpostforum.BussinessLayer", "..\Blogpostforum.BussinessLayer\Blogpostforum.BussinessLayer.csproj", "{0A825D9E-07B4-4F94-B6CD-75EA492C8A10}"
EndProject
Project("{FAE04EC0-301F-11D3-BF4B-00C04F79EFBC}") = "Blogpostforum.Test", "..\Blogpostforum.Test\Blogpostforum.Test.csproj", "{2268BF9F-7315-49AF-86F3-6C121CCE1334}"
EndProject
Global
	GlobalSection(SolutionConfigurationPlatforms) = preSolution
		Debug|Any CPU = Debug|Any CPU
		Release|Any CPU = Release|Any CPU
	EndGlobalSection
	GlobalSection(ProjectConfigurationPlatforms) = postSolution
		{5282EAF6-62FE-4F1A-A059-F34751E4A5F3}.Debug|Any CPU.ActiveCfg = Debug|Any CPU
		{5282EAF6-62FE-4F1A-A059-F34751E4A5F3}.Debug|Any CPU.Build.0 = Debug|Any CPU
		{5282EAF6-62FE-4F1A-A059-F34751E4A5F3}.Release|Any CPU.ActiveCfg = Release|Any CPU
		{5282EAF6-62FE-4F1A-A059-F34751E4A5F3}.Release|Any CPU.Build.0 = Release|Any CPU
		{FD087A77-1102-4722-B0C4-4AEB4DB80993}.Debug|Any CPU.ActiveCfg = Debug|Any CPU
		{FD087A77-1102-4722-B0C4-4AEB4DB80993}.Debug|Any CPU.Build.0 = Debug|Any CPU
		{FD087A77-1102-4722-B0C4-4AEB4DB80993}.Release|Any CPU.ActiveCfg = Release|Any CPU
		{FD087A77-1102-4722-B0C4-4AEB4DB80993}.Release|Any CPU.Build.0 = Release|Any CPU
		{67E59208-98FE-4ED6-957F-4F7CA95872D4}.Debug|Any CPU.ActiveCfg = Debug|Any CPU
		{67E59208-98FE-4ED6-957F-4F7CA95872D4}.Debug|Any CPU.Build.0 = Debug|Any CPU
		{67E59208-98FE-4ED6-957F-4F7CA95872D4}.Release|Any CPU.ActiveCfg = Release|Any CPU
		{67E59208-98FE-4ED6-957F-4F7CA95872D4}.Release|Any CPU.Build.0 = Release|Any CPU
		{0A825D9E-07B4-4F94-B6CD-75EA492C8A10}.Debug|Any CPU.ActiveCfg = Debug|Any CPU
		{0A825D9E-07B4-4F94-B6CD-75EA492C8A10}.Debug|Any CPU.Build.0 = Debug|Any CPU
		{0A825D9E-07B4-4F94-B6CD-75EA492C8A10}.Release|Any CPU.ActiveCfg = Release|Any CPU
		{0A825D9E-07B4-4F94-B6CD-75EA492C8A10}.Release|Any CPU.Build.0 = Release|Any CPU
		{2268BF9F-7315-49AF-86F3-6C121CCE1334}.Debug|Any CPU.ActiveCfg = Debug|Any CPU
		{2268BF9F-7315-49AF-86F3-6C121CCE1334}.Debug|Any CPU.Build.0 = Debug|Any CPU
		{2268BF9F-7315-49AF-86F3-6C121CCE1334}.Release|Any CPU.ActiveCfg = Release|Any CPU
		{2268BF9F-7315-49AF-86F3-6C121CCE1334}.Release|Any CPU.Build.0 = Release|Any CPU
	EndGlobalSection
	GlobalSection(SolutionProperties) = preSolution
		HideSolutionNode = FALSE
	EndGlobalSection
	GlobalSection(ExtensibilityGlobals) = postSolution
		SolutionGuid = {3D6D2DEE-8971-4B0E-BC70-C8AECF5E5C3F}
	EndGlobalSection
EndGlobal
